version = 1
requires-python = ">=3.12"

[[package]]
name = "attrs"
version = "24.2.0"
source = { registry = "https://pypi.org/simple" }
sdist = { url = "https://files.pythonhosted.org/packages/fc/0f/aafca9af9315aee06a89ffde799a10a582fe8de76c563ee80bbcdc08b3fb/attrs-24.2.0.tar.gz", hash = "sha256:5cfb1b9148b5b086569baec03f20d7b6bf3bcacc9a42bebf87ffaaca362f6346", size = 792678 }
wheels = [
    { url = "https://files.pythonhosted.org/packages/6a/21/5b6702a7f963e95456c0de2d495f67bf5fd62840ac655dc451586d23d39a/attrs-24.2.0-py3-none-any.whl", hash = "sha256:81921eb96de3191c8258c199618104dd27ac608d9366f5e35d011eae1867ede2", size = 63001 },
]

[[package]]
name = "beautifulsoup4"
version = "4.12.3"
source = { registry = "https://pypi.org/simple" }
dependencies = [
    { name = "soupsieve" },
]
sdist = { url = "https://files.pythonhosted.org/packages/b3/ca/824b1195773ce6166d388573fc106ce56d4a805bd7427b624e063596ec58/beautifulsoup4-4.12.3.tar.gz", hash = "sha256:74e3d1928edc070d21748185c46e3fb33490f22f52a3addee9aee0f4f7781051", size = 581181 }
wheels = [
    { url = "https://files.pythonhosted.org/packages/b1/fe/e8c672695b37eecc5cbf43e1d0638d88d66ba3a44c4d321c796f4e59167f/beautifulsoup4-4.12.3-py3-none-any.whl", hash = "sha256:b80878c9f40111313e55da8ba20bdba06d8fa3969fc68304167741bbf9e082ed", size = 147925 },
]

[[package]]
name = "certifi"
version = "2024.8.30"
source = { registry = "https://pypi.org/simple" }
sdist = { url = "https://files.pythonhosted.org/packages/b0/ee/9b19140fe824b367c04c5e1b369942dd754c4c5462d5674002f75c4dedc1/certifi-2024.8.30.tar.gz", hash = "sha256:bec941d2aa8195e248a60b31ff9f0558284cf01a52591ceda73ea9afffd69fd9", size = 168507 }
wheels = [
    { url = "https://files.pythonhosted.org/packages/12/90/3c9ff0512038035f59d279fddeb79f5f1eccd8859f06d6163c58798b9487/certifi-2024.8.30-py3-none-any.whl", hash = "sha256:922820b53db7a7257ffbda3f597266d435245903d80737e34f8a45ff3e3230d8", size = 167321 },
]

[[package]]
name = "cffi"
version = "1.17.0"
source = { registry = "https://pypi.org/simple" }
dependencies = [
    { name = "pycparser" },
]
sdist = { url = "https://files.pythonhosted.org/packages/1e/bf/82c351342972702867359cfeba5693927efe0a8dd568165490144f554b18/cffi-1.17.0.tar.gz", hash = "sha256:f3157624b7558b914cb039fd1af735e5e8049a87c817cc215109ad1c8779df76", size = 516073 }
wheels = [
    { url = "https://files.pythonhosted.org/packages/1a/1f/7862231350cc959a3138889d2c8d33da7042b22e923457dfd4cd487d772a/cffi-1.17.0-cp312-cp312-macosx_10_9_x86_64.whl", hash = "sha256:aec510255ce690d240f7cb23d7114f6b351c733a74c279a84def763660a2c3bc", size = 182826 },
    { url = "https://files.pythonhosted.org/packages/8b/8c/26119bf8b79e05a1c39812064e1ee7981e1f8a5372205ba5698ea4dd958d/cffi-1.17.0-cp312-cp312-macosx_11_0_arm64.whl", hash = "sha256:2770bb0d5e3cc0e31e7318db06efcbcdb7b31bcb1a70086d3177692a02256f59", size = 178494 },
    { url = "https://files.pythonhosted.org/packages/61/94/4882c47d3ad396d91f0eda6ef16d45be3d752a332663b7361933039ed66a/cffi-1.17.0-cp312-cp312-manylinux_2_12_i686.manylinux2010_i686.manylinux_2_17_i686.manylinux2014_i686.whl", hash = "sha256:db9a30ec064129d605d0f1aedc93e00894b9334ec74ba9c6bdd08147434b33eb", size = 454459 },
    { url = "https://files.pythonhosted.org/packages/0f/7c/a6beb119ad515058c5ee1829742d96b25b2b9204ff920746f6e13bf574eb/cffi-1.17.0-cp312-cp312-manylinux_2_17_aarch64.manylinux2014_aarch64.whl", hash = "sha256:a47eef975d2b8b721775a0fa286f50eab535b9d56c70a6e62842134cf7841195", size = 478502 },
    { url = "https://files.pythonhosted.org/packages/61/8a/2575cd01a90e1eca96a30aec4b1ac101a6fae06c49d490ac2704fa9bc8ba/cffi-1.17.0-cp312-cp312-manylinux_2_17_ppc64le.manylinux2014_ppc64le.whl", hash = "sha256:f3e0992f23bbb0be00a921eae5363329253c3b86287db27092461c887b791e5e", size = 485381 },
    { url = "https://files.pythonhosted.org/packages/cd/66/85899f5a9f152db49646e0c77427173e1b77a1046de0191ab3b0b9a5e6e3/cffi-1.17.0-cp312-cp312-manylinux_2_17_s390x.manylinux2014_s390x.whl", hash = "sha256:6107e445faf057c118d5050560695e46d272e5301feffda3c41849641222a828", size = 470907 },
    { url = "https://files.pythonhosted.org/packages/00/13/150924609bf377140abe6e934ce0a57f3fc48f1fd956ec1f578ce97a4624/cffi-1.17.0-cp312-cp312-manylinux_2_17_x86_64.manylinux2014_x86_64.whl", hash = "sha256:eb862356ee9391dc5a0b3cbc00f416b48c1b9a52d252d898e5b7696a5f9fe150", size = 479074 },
    { url = "https://files.pythonhosted.org/packages/17/fd/7d73d7110155c036303b0a6462c56250e9bc2f4119d7591d27417329b4d1/cffi-1.17.0-cp312-cp312-musllinux_1_1_aarch64.whl", hash = "sha256:c1c13185b90bbd3f8b5963cd8ce7ad4ff441924c31e23c975cb150e27c2bf67a", size = 484225 },
    { url = "https://files.pythonhosted.org/packages/fc/83/8353e5c9b01bb46332dac3dfb18e6c597a04ceb085c19c814c2f78a8c0d0/cffi-1.17.0-cp312-cp312-musllinux_1_1_x86_64.whl", hash = "sha256:17c6d6d3260c7f2d94f657e6872591fe8733872a86ed1345bda872cfc8c74885", size = 488388 },
    { url = "https://files.pythonhosted.org/packages/73/0c/f9d5ca9a095b1fc88ef77d1f8b85d11151c374144e4606da33874e17b65b/cffi-1.17.0-cp312-cp312-win32.whl", hash = "sha256:c3b8bd3133cd50f6b637bb4322822c94c5ce4bf0d724ed5ae70afce62187c492", size = 172096 },
    { url = "https://files.pythonhosted.org/packages/72/21/8c5d285fe20a6e31d29325f1287bb0e55f7d93630a5a44cafdafb5922495/cffi-1.17.0-cp312-cp312-win_amd64.whl", hash = "sha256:dca802c8db0720ce1c49cce1149ff7b06e91ba15fa84b1d59144fef1a1bc7ac2", size = 181478 },
    { url = "https://files.pythonhosted.org/packages/17/8f/581f2f3c3464d5f7cf87c2f7a5ba9acc6976253e02d73804240964243ec2/cffi-1.17.0-cp313-cp313-macosx_10_13_x86_64.whl", hash = "sha256:6ce01337d23884b21c03869d2f68c5523d43174d4fc405490eb0091057943118", size = 182638 },
    { url = "https://files.pythonhosted.org/packages/8d/1c/c9afa66684b7039f48018eb11b229b659dfb32b7a16b88251bac106dd1ff/cffi-1.17.0-cp313-cp313-macosx_11_0_arm64.whl", hash = "sha256:cab2eba3830bf4f6d91e2d6718e0e1c14a2f5ad1af68a89d24ace0c6b17cced7", size = 178453 },
    { url = "https://files.pythonhosted.org/packages/cc/b6/1a134d479d3a5a1ff2fabbee551d1d3f1dd70f453e081b5f70d604aae4c0/cffi-1.17.0-cp313-cp313-manylinux_2_12_i686.manylinux2010_i686.manylinux_2_17_i686.manylinux2014_i686.whl", hash = "sha256:14b9cbc8f7ac98a739558eb86fabc283d4d564dafed50216e7f7ee62d0d25377", size = 454441 },
    { url = "https://files.pythonhosted.org/packages/b1/b4/e1569475d63aad8042b0935dbf62ae2a54d1e9142424e2b0e924d2d4a529/cffi-1.17.0-cp313-cp313-manylinux_2_17_aarch64.manylinux2014_aarch64.whl", hash = "sha256:b00e7bcd71caa0282cbe3c90966f738e2db91e64092a877c3ff7f19a1628fdcb", size = 478543 },
    { url = "https://files.pythonhosted.org/packages/d2/40/a9ad03fbd64309dec5bb70bc803a9a6772602de0ee164d7b9a6ca5a89249/cffi-1.17.0-cp313-cp313-manylinux_2_17_ppc64le.manylinux2014_ppc64le.whl", hash = "sha256:41f4915e09218744d8bae14759f983e466ab69b178de38066f7579892ff2a555", size = 485463 },
    { url = "https://files.pythonhosted.org/packages/a6/1a/f10be60e006dd9242a24bcc2b1cd55c34c578380100f742d8c610f7a5d26/cffi-1.17.0-cp313-cp313-manylinux_2_17_s390x.manylinux2014_s390x.whl", hash = "sha256:e4760a68cab57bfaa628938e9c2971137e05ce48e762a9cb53b76c9b569f1204", size = 470854 },
    { url = "https://files.pythonhosted.org/packages/cc/b3/c035ed21aa3d39432bd749fe331ee90e4bc83ea2dbed1f71c4bc26c41084/cffi-1.17.0-cp313-cp313-manylinux_2_17_x86_64.manylinux2014_x86_64.whl", hash = "sha256:011aff3524d578a9412c8b3cfaa50f2c0bd78e03eb7af7aa5e0df59b158efb2f", size = 479096 },
    { url = "https://files.pythonhosted.org/packages/00/cb/6f7edde01131de9382c89430b8e253b8c8754d66b63a62059663ceafeab2/cffi-1.17.0-cp313-cp313-musllinux_1_1_aarch64.whl", hash = "sha256:a003ac9edc22d99ae1286b0875c460351f4e101f8c9d9d2576e78d7e048f64e0", size = 484013 },
    { url = "https://files.pythonhosted.org/packages/b9/83/8e4e8c211ea940210d293e951bf06b1bfb90f2eeee590e9778e99b4a8676/cffi-1.17.0-cp313-cp313-musllinux_1_1_x86_64.whl", hash = "sha256:ef9528915df81b8f4c7612b19b8628214c65c9b7f74db2e34a646a0a2a0da2d4", size = 488119 },
    { url = "https://files.pythonhosted.org/packages/5e/52/3f7cfbc4f444cb4f73ff17b28690d12436dde665f67d68f1e1687908ab6c/cffi-1.17.0-cp313-cp313-win32.whl", hash = "sha256:70d2aa9fb00cf52034feac4b913181a6e10356019b18ef89bc7c12a283bf5f5a", size = 172122 },
    { url = "https://files.pythonhosted.org/packages/94/19/cf5baa07ee0f0e55eab7382459fbddaba0fdb0ba45973dd92556ae0d02db/cffi-1.17.0-cp313-cp313-win_amd64.whl", hash = "sha256:b7b6ea9e36d32582cda3465f54c4b454f62f23cb083ebc7a94e2ca6ef011c3a7", size = 181504 },
]

[[package]]
name = "cryptography"
version = "43.0.0"
source = { registry = "https://pypi.org/simple" }
dependencies = [
    { name = "cffi", marker = "platform_python_implementation != 'PyPy'" },
]
sdist = { url = "https://files.pythonhosted.org/packages/69/ec/9fb9dcf4f91f0e5e76de597256c43eedefd8423aa59be95c70c4c3db426a/cryptography-43.0.0.tar.gz", hash = "sha256:b88075ada2d51aa9f18283532c9f60e72170041bba88d7f37e49cbb10275299e", size = 686873 }
wheels = [
    { url = "https://files.pythonhosted.org/packages/d3/46/dcd2eb6840b9452e7fbc52720f3dc54a85eb41e68414733379e8f98e3275/cryptography-43.0.0-cp37-abi3-macosx_10_9_universal2.whl", hash = "sha256:64c3f16e2a4fc51c0d06af28441881f98c5d91009b8caaff40cf3548089e9c74", size = 6239718 },
    { url = "https://files.pythonhosted.org/packages/e8/23/b0713319edff1d8633775b354f8b34a476e4dd5f4cd4b91e488baec3361a/cryptography-43.0.0-cp37-abi3-manylinux_2_17_aarch64.manylinux2014_aarch64.whl", hash = "sha256:3dcdedae5c7710b9f97ac6bba7e1052b95c7083c9d0e9df96e02a1932e777895", size = 3808466 },
    { url = "https://files.pythonhosted.org/packages/77/9d/0b98c73cebfd41e4fb0439fe9ce08022e8d059f51caa7afc8934fc1edcd9/cryptography-43.0.0-cp37-abi3-manylinux_2_17_x86_64.manylinux2014_x86_64.whl", hash = "sha256:3d9a1eca329405219b605fac09ecfc09ac09e595d6def650a437523fcd08dd22", size = 3998060 },
    { url = "https://files.pythonhosted.org/packages/ae/71/e073795d0d1624847f323481f7d84855f699172a632aa37646464b0e1712/cryptography-43.0.0-cp37-abi3-manylinux_2_28_aarch64.whl", hash = "sha256:ea9e57f8ea880eeea38ab5abf9fbe39f923544d7884228ec67d666abd60f5a47", size = 3792596 },
    { url = "https://files.pythonhosted.org/packages/83/25/439a8ddd8058e7f898b7d27c36f94b66c8c8a2d60e1855d725845f4be0bc/cryptography-43.0.0-cp37-abi3-manylinux_2_28_x86_64.whl", hash = "sha256:9a8d6802e0825767476f62aafed40532bd435e8a5f7d23bd8b4f5fd04cc80ecf", size = 4008355 },
    { url = "https://files.pythonhosted.org/packages/c7/a2/1607f1295eb2c30fcf2c07d7fd0c3772d21dcdb827de2b2730b02df0af51/cryptography-43.0.0-cp37-abi3-musllinux_1_2_aarch64.whl", hash = "sha256:cc70b4b581f28d0a254d006f26949245e3657d40d8857066c2ae22a61222ef55", size = 3899133 },
    { url = "https://files.pythonhosted.org/packages/5e/64/f41f42ddc9c583737c9df0093affb92c61de7d5b0d299bf644524afe31c1/cryptography-43.0.0-cp37-abi3-musllinux_1_2_x86_64.whl", hash = "sha256:4a997df8c1c2aae1e1e5ac49c2e4f610ad037fc5a3aadc7b64e39dea42249431", size = 4096946 },
    { url = "https://files.pythonhosted.org/packages/cd/cd/d165adcf3e707d6a049d44ade6ca89973549bed0ab3686fa49efdeefea53/cryptography-43.0.0-cp37-abi3-win32.whl", hash = "sha256:6e2b11c55d260d03a8cf29ac9b5e0608d35f08077d8c087be96287f43af3ccdc", size = 2616826 },
    { url = "https://files.pythonhosted.org/packages/f9/b7/38924229e84c41b0e88d7a5eed8a29d05a44364f85fbb9ddb3984b746fd2/cryptography-43.0.0-cp37-abi3-win_amd64.whl", hash = "sha256:31e44a986ceccec3d0498e16f3d27b2ee5fdf69ce2ab89b52eaad1d2f33d8778", size = 3078700 },
    { url = "https://files.pythonhosted.org/packages/66/d7/397515233e6a861f921bd0365b162b38e0cc513fcf4f1bdd9cc7bc5a3384/cryptography-43.0.0-cp39-abi3-macosx_10_9_universal2.whl", hash = "sha256:7b3f5fe74a5ca32d4d0f302ffe6680fcc5c28f8ef0dc0ae8f40c0f3a1b4fca66", size = 6242814 },
    { url = "https://files.pythonhosted.org/packages/58/aa/99b2c00a4f54c60d210d6d1759c720ecf28305aa32d6fb1bb1853f415be6/cryptography-43.0.0-cp39-abi3-manylinux_2_17_aarch64.manylinux2014_aarch64.whl", hash = "sha256:ac1955ce000cb29ab40def14fd1bbfa7af2017cca696ee696925615cafd0dce5", size = 3809467 },
    { url = "https://files.pythonhosted.org/packages/76/eb/ab783b47b3b9b55371b4361c7ec695144bde1a3343ff2b7a8c1d8fe617bb/cryptography-43.0.0-cp39-abi3-manylinux_2_17_x86_64.manylinux2014_x86_64.whl", hash = "sha256:299d3da8e00b7e2b54bb02ef58d73cd5f55fb31f33ebbf33bd00d9aa6807df7e", size = 3998617 },
    { url = "https://files.pythonhosted.org/packages/a3/62/62770f34290ebb1b6542bd3f13b3b102875b90aed4804e296f8d2a5ac6d7/cryptography-43.0.0-cp39-abi3-manylinux_2_28_aarch64.whl", hash = "sha256:ee0c405832ade84d4de74b9029bedb7b31200600fa524d218fc29bfa371e97f5", size = 3794003 },
    { url = "https://files.pythonhosted.org/packages/0f/6c/b42660b3075ff543065b2c1c5a3d9bedaadcff8ebce2ee981be2babc2934/cryptography-43.0.0-cp39-abi3-manylinux_2_28_x86_64.whl", hash = "sha256:cb013933d4c127349b3948aa8aaf2f12c0353ad0eccd715ca789c8a0f671646f", size = 4008774 },
    { url = "https://files.pythonhosted.org/packages/f7/74/028cea86db9315ba3f991e307adabf9f0aa15067011137c38b2fb2aa16eb/cryptography-43.0.0-cp39-abi3-musllinux_1_2_aarch64.whl", hash = "sha256:fdcb265de28585de5b859ae13e3846a8e805268a823a12a4da2597f1f5afc9f0", size = 3900098 },
    { url = "https://files.pythonhosted.org/packages/bd/f6/e4387edb55563e2546028ba4c634522fe727693d3cdd9ec0ecacedc75411/cryptography-43.0.0-cp39-abi3-musllinux_1_2_x86_64.whl", hash = "sha256:2905ccf93a8a2a416f3ec01b1a7911c3fe4073ef35640e7ee5296754e30b762b", size = 4096867 },
    { url = "https://files.pythonhosted.org/packages/ce/61/55560405e75432bdd9f6cf72fa516cab623b83a3f6d230791bc8fc4afeee/cryptography-43.0.0-cp39-abi3-win32.whl", hash = "sha256:47ca71115e545954e6c1d207dd13461ab81f4eccfcb1345eac874828b5e3eaaf", size = 2616481 },
    { url = "https://files.pythonhosted.org/packages/e6/3d/696e7a0f04555c58a2813d47aaa78cb5ba863c1f453c74a4f45ae772b054/cryptography-43.0.0-cp39-abi3-win_amd64.whl", hash = "sha256:0663585d02f76929792470451a5ba64424acc3cd5227b03921dab0e2f27b1709", size = 3081462 },
]

[[package]]
name = "h11"
version = "0.14.0"
source = { registry = "https://pypi.org/simple" }
sdist = { url = "https://files.pythonhosted.org/packages/f5/38/3af3d3633a34a3316095b39c8e8fb4853a28a536e55d347bd8d8e9a14b03/h11-0.14.0.tar.gz", hash = "sha256:8f19fbbe99e72420ff35c00b27a34cb9937e902a8b810e2c88300c6f0a3b699d", size = 100418 }
wheels = [
    { url = "https://files.pythonhosted.org/packages/95/04/ff642e65ad6b90db43e668d70ffb6736436c7ce41fcc549f4e9472234127/h11-0.14.0-py3-none-any.whl", hash = "sha256:e3fe4ac4b851c468cc8363d500db52c2ead036020723024a109d37346efaa761", size = 58259 },
]

[[package]]
name = "idna"
version = "3.8"
source = { registry = "https://pypi.org/simple" }
sdist = { url = "https://files.pythonhosted.org/packages/e8/ac/e349c5e6d4543326c6883ee9491e3921e0d07b55fdf3cce184b40d63e72a/idna-3.8.tar.gz", hash = "sha256:d838c2c0ed6fced7693d5e8ab8e734d5f8fda53a039c0164afb0b82e771e3603", size = 189467 }
wheels = [
    { url = "https://files.pythonhosted.org/packages/22/7e/d71db821f177828df9dea8c42ac46473366f191be53080e552e628aad991/idna-3.8-py3-none-any.whl", hash = "sha256:050b4e5baadcd44d760cedbd2b8e639f2ff89bbc7a5730fcc662954303377aac", size = 66894 },
]

[[package]]
name = "outcome"
version = "1.3.0.post0"
source = { registry = "https://pypi.org/simple" }
dependencies = [
    { name = "attrs" },
]
sdist = { url = "https://files.pythonhosted.org/packages/98/df/77698abfac98571e65ffeb0c1fba8ffd692ab8458d617a0eed7d9a8d38f2/outcome-1.3.0.post0.tar.gz", hash = "sha256:9dcf02e65f2971b80047b377468e72a268e15c0af3cf1238e6ff14f7f91143b8", size = 21060 }
wheels = [
    { url = "https://files.pythonhosted.org/packages/55/8b/5ab7257531a5d830fc8000c476e63c935488d74609b50f9384a643ec0a62/outcome-1.3.0.post0-py2.py3-none-any.whl", hash = "sha256:e771c5ce06d1415e356078d3bdd68523f284b4ce5419828922b6871e65eda82b", size = 10692 },
]

[[package]]
name = "pycparser"
version = "2.22"
source = { registry = "https://pypi.org/simple" }
sdist = { url = "https://files.pythonhosted.org/packages/1d/b2/31537cf4b1ca988837256c910a668b553fceb8f069bedc4b1c826024b52c/pycparser-2.22.tar.gz", hash = "sha256:491c8be9c040f5390f5bf44a5b07752bd07f56edf992381b05c701439eec10f6", size = 172736 }
wheels = [
    { url = "https://files.pythonhosted.org/packages/13/a3/a812df4e2dd5696d1f351d58b8fe16a405b234ad2886a0dab9183fb78109/pycparser-2.22-py3-none-any.whl", hash = "sha256:c3702b6d3dd8c7abc1afa565d7e63d53a1d0bd86cdc24edd75470f4de499cfcc", size = 117552 },
]

[[package]]
name = "pyopenssl"
version = "24.2.1"
source = { registry = "https://pypi.org/simple" }
dependencies = [
    { name = "cryptography" },
]
sdist = { url = "https://files.pythonhosted.org/packages/5d/70/ff56a63248562e77c0c8ee4aefc3224258f1856977e0c1472672b62dadb8/pyopenssl-24.2.1.tar.gz", hash = "sha256:4247f0dbe3748d560dcbb2ff3ea01af0f9a1a001ef5f7c4c647956ed8cbf0e95", size = 184323 }
wheels = [
    { url = "https://files.pythonhosted.org/packages/d9/dd/e0aa7ebef5168c75b772eda64978c597a9129b46be17779054652a7999e4/pyOpenSSL-24.2.1-py3-none-any.whl", hash = "sha256:967d5719b12b243588573f39b0c677637145c7a1ffedcd495a487e58177fbb8d", size = 58390 },
]

[[package]]
name = "pysocks"
version = "1.7.1"
source = { registry = "https://pypi.org/simple" }
sdist = { url = "https://files.pythonhosted.org/packages/bd/11/293dd436aea955d45fc4e8a35b6ae7270f5b8e00b53cf6c024c83b657a11/PySocks-1.7.1.tar.gz", hash = "sha256:3f8804571ebe159c380ac6de37643bb4685970655d3bba243530d6558b799aa0", size = 284429 }
wheels = [
    { url = "https://files.pythonhosted.org/packages/8d/59/b4572118e098ac8e46e399a1dd0f2d85403ce8bbaad9ec79373ed6badaf9/PySocks-1.7.1-py3-none-any.whl", hash = "sha256:2725bd0a9925919b9b51739eea5f9e2bae91e83288108a9ad338b2e3a4435ee5", size = 16725 },
]

[[package]]
name = "selenium"
version = "4.2.0"
source = { registry = "https://pypi.org/simple" }
dependencies = [
    { name = "trio" },
    { name = "trio-websocket" },
    { name = "urllib3", extra = ["secure", "socks"] },
]
wheels = [
    { url = "https://files.pythonhosted.org/packages/c9/0b/5ef429492faa5d951d8215918c7092de2dbc25cf895fdf46643260b22f92/selenium-4.2.0-py3-none-any.whl", hash = "sha256:ba5b2633f43cf6fe9d308fa4a6996e00a101ab9cb1aad6fd91ae1f3dbe57f56f", size = 983214 },
]

[[package]]
name = "selenium2"
version = "0.1.1"
source = { registry = "https://pypi.org/simple" }
dependencies = [
    { name = "beautifulsoup4" },
    { name = "selenium" },
]
sdist = { url = "https://files.pythonhosted.org/packages/3b/03/6544fc680e872bdb93c277ab6cc3fd56bb971cf59dd15aa4033a9964c1f8/selenium2-0.1.1.tar.gz", hash = "sha256:37465934cc3f4b23268838d9cae992852f051c0290661366cc417dec88b659f9", size = 41431 }
wheels = [
    { url = "https://files.pythonhosted.org/packages/3c/8d/8d6f9ec83ddddfd36f08fa2dc0930e3c3bc6f6e8701a1f3df7b85d8786ba/selenium2-0.1.1-py3-none-any.whl", hash = "sha256:92918f0c4a297901555ed63e25a6cff3e1141ec16211c44d1d2f92fdecbae7ff", size = 47424 },
]

[[package]]
name = "sniffio"
version = "1.3.1"
source = { registry = "https://pypi.org/simple" }
sdist = { url = "https://files.pythonhosted.org/packages/a2/87/a6771e1546d97e7e041b6ae58d80074f81b7d5121207425c964ddf5cfdbd/sniffio-1.3.1.tar.gz", hash = "sha256:f4324edc670a0f49750a81b895f35c3adb843cca46f0530f79fc1babb23789dc", size = 20372 }
wheels = [
    { url = "https://files.pythonhosted.org/packages/e9/44/75a9c9421471a6c4805dbf2356f7c181a29c1879239abab1ea2cc8f38b40/sniffio-1.3.1-py3-none-any.whl", hash = "sha256:2f6da418d1f1e0fddd844478f41680e794e6051915791a034ff65e5f100525a2", size = 10235 },
]

[[package]]
name = "sortedcontainers"
version = "2.4.0"
source = { registry = "https://pypi.org/simple" }
sdist = { url = "https://files.pythonhosted.org/packages/e8/c4/ba2f8066cceb6f23394729afe52f3bf7adec04bf9ed2c820b39e19299111/sortedcontainers-2.4.0.tar.gz", hash = "sha256:25caa5a06cc30b6b83d11423433f65d1f9d76c4c6a0c90e3379eaa43b9bfdb88", size = 30594 }
wheels = [
    { url = "https://files.pythonhosted.org/packages/32/46/9cb0e58b2deb7f82b84065f37f3bffeb12413f947f9388e4cac22c4621ce/sortedcontainers-2.4.0-py2.py3-none-any.whl", hash = "sha256:a163dcaede0f1c021485e957a39245190e74249897e2ae4b2aa38595db237ee0", size = 29575 },
]

[[package]]
name = "soupsieve"
version = "2.6"
source = { registry = "https://pypi.org/simple" }
sdist = { url = "https://files.pythonhosted.org/packages/d7/ce/fbaeed4f9fb8b2daa961f90591662df6a86c1abf25c548329a86920aedfb/soupsieve-2.6.tar.gz", hash = "sha256:e2e68417777af359ec65daac1057404a3c8a5455bb8abc36f1a9866ab1a51abb", size = 101569 }
wheels = [
    { url = "https://files.pythonhosted.org/packages/d1/c2/fe97d779f3ef3b15f05c94a2f1e3d21732574ed441687474db9d342a7315/soupsieve-2.6-py3-none-any.whl", hash = "sha256:e72c4ff06e4fb6e4b5a9f0f55fe6e81514581fca1515028625d0f299c602ccc9", size = 36186 },
]

[[package]]
name = "trio"
version = "0.26.2"
source = { registry = "https://pypi.org/simple" }
dependencies = [
    { name = "attrs" },
    { name = "cffi", marker = "implementation_name != 'pypy' and os_name == 'nt'" },
    { name = "idna" },
    { name = "outcome" },
    { name = "sniffio" },
    { name = "sortedcontainers" },
]
sdist = { url = "https://files.pythonhosted.org/packages/9a/03/ab0e9509be0c6465e2773768ec25ee0cb8053c0b91471ab3854bbf2294b2/trio-0.26.2.tar.gz", hash = "sha256:0346c3852c15e5c7d40ea15972c4805689ef2cb8b5206f794c9c19450119f3a4", size = 561156 }
wheels = [
    { url = "https://files.pythonhosted.org/packages/1c/70/efa56ce2271c44a7f4f43533a0477e6854a0948e9f7b76491de1fd3be7c9/trio-0.26.2-py3-none-any.whl", hash = "sha256:c5237e8133eb0a1d72f09a971a55c28ebe69e351c783fc64bc37db8db8bbe1d0", size = 475996 },
]

[[package]]
name = "trio-websocket"
version = "0.11.1"
source = { registry = "https://pypi.org/simple" }
dependencies = [
    { name = "trio" },
    { name = "wsproto" },
]
sdist = { url = "https://files.pythonhosted.org/packages/dd/36/abad2385853077424a11b818d9fd8350d249d9e31d583cb9c11cd4c85eda/trio-websocket-0.11.1.tar.gz", hash = "sha256:18c11793647703c158b1f6e62de638acada927344d534e3c7628eedcb746839f", size = 26511 }
wheels = [
    { url = "https://files.pythonhosted.org/packages/48/be/a9ae5f50cad5b6f85bd2574c2c923730098530096e170c1ce7452394d7aa/trio_websocket-0.11.1-py3-none-any.whl", hash = "sha256:520d046b0d030cf970b8b2b2e00c4c2245b3807853ecd44214acd33d74581638", size = 17408 },
]

[[package]]
name = "urllib3"
version = "1.26.20"
source = { registry = "https://pypi.org/simple" }
sdist = { url = "https://files.pythonhosted.org/packages/e4/e8/6ff5e6bc22095cfc59b6ea711b687e2b7ed4bdb373f7eeec370a97d7392f/urllib3-1.26.20.tar.gz", hash = "sha256:40c2dc0c681e47eb8f90e7e27bf6ff7df2e677421fd46756da1161c39ca70d32", size = 307380 }
wheels = [
    { url = "https://files.pythonhosted.org/packages/33/cf/8435d5a7159e2a9c83a95896ed596f68cf798005fe107cc655b5c5c14704/urllib3-1.26.20-py2.py3-none-any.whl", hash = "sha256:0ed14ccfbf1c30a9072c7ca157e4319b70d65f623e91e7b32fadb2853431016e", size = 144225 },
]

[package.optional-dependencies]
secure = [
    { name = "certifi" },
    { name = "cryptography" },
    { name = "idna" },
    { name = "pyopenssl" },
    { name = "urllib3-secure-extra" },
]
socks = [
    { name = "pysocks" },
]

[[package]]
name = "urllib3-secure-extra"
version = "0.1.0"
source = { registry = "https://pypi.org/simple" }
sdist = { url = "https://files.pythonhosted.org/packages/c9/67/76b7c055ea787729bb9f839a84689ea2f88e217519d59ae547824431ec95/urllib3-secure-extra-0.1.0.tar.gz", hash = "sha256:ee9409cbfeb4b8609047be4c32fb4317870c602767e53fd8a41005ebe6a41dff", size = 986 }
wheels = [
    { url = "https://files.pythonhosted.org/packages/90/cd/273b6978ace72ef1d3f35610206e44e4527d557500e3d7b39732f2b4dd3c/urllib3_secure_extra-0.1.0-py2.py3-none-any.whl", hash = "sha256:f7adcb108b4d12a4b26b99eb60e265d087f435052a76aefa396b6ee85e9a6ef9", size = 1444 },
]

[[package]]
name = "webcloner"
version = "0.1.0"
source = { virtual = "." }
dependencies = [
    { name = "selenium2" },
]

[package.metadata]
requires-dist = [{ name = "selenium2", specifier = ">=0.1.1" }]

[[package]]
name = "wsproto"
version = "1.2.0"
source = { registry = "https://pypi.org/simple" }
dependencies = [
    { name = "h11" },
]
sdist = { url = "https://files.pythonhosted.org/packages/c9/4a/44d3c295350d776427904d73c189e10aeae66d7f555bb2feee16d1e4ba5a/wsproto-1.2.0.tar.gz", hash = "sha256:ad565f26ecb92588a3e43bc3d96164de84cd9902482b130d0ddbaa9664a85065", size = 53425 }
wheels = [
    { url = "https://files.pythonhosted.org/packages/78/58/e860788190eba3bcce367f74d29c4675466ce8dddfba85f7827588416f01/wsproto-1.2.0-py3-none-any.whl", hash = "sha256:b9acddd652b585d75b20477888c56642fdade28bdfd3579aa24a4d2c037dd736", size = 24226 },
]
